
Microsoft Visual Studio Solution File, Format Version 12.00
# Visual Studio Version 16
VisualStudioVersion = 16.0.29025.244
MinimumVisualStudioVersion = 10.0.40219.1
Project("{FAE04EC0-301F-11D3-BF4B-00C04F79EFBC}") = "BuildTestApp", "BuildTestApp.csproj", "{CE491A58-4310-48C5-8FE3-122986E23EE4}"
EndProject
Global
	GlobalSection(SolutionConfigurationPlatforms) = preSolution
		Debug|Any CPU = Debug|Any CPU
		Release|Any CPU = Release|Any CPU
	EndGlobalSection
	GlobalSection(ProjectConfigurationPlatforms) = postSolution
		{CE491A58-4310-48C5-8FE3-122986E23EE4}.Debug|Any CPU.ActiveCfg = Debug|Any CPU
		{CE491A58-4310-48C5-8FE3-122986E23EE4}.Debug|Any CPU.Build.0 = Debug|Any CPU
		{CE491A58-4310-48C5-8FE3-122986E23EE4}.Release|Any CPU.ActiveCfg = Release|Any CPU
		{CE491A58-4310-48C5-8FE3-122986E23EE4}.Release|Any CPU.Build.0 = Release|Any CPU
	EndGlobalSection
	GlobalSection(SolutionProperties) = preSolution
		HideSolutionNode = FALSE
	EndGlobalSection
	GlobalSection(ExtensibilityGlobals) = postSolution
		SolutionGuid = {BD2E7ED8-F25D-4828-979C-05248E87BFC3}
	EndGlobalSection
EndGlobal
